
Microsoft Visual Studio Solution File, Format Version 12.00
# Visual Studio 15
VisualStudioVersion = 15.0.28307.421
MinimumVisualStudioVersion = 10.0.40219.1
Project("{FAE04EC0-301F-11D3-BF4B-00C04F79EFBC}") = "ConnectFour", "ConnectFour\ConnectFour.csproj", "{18C119C7-9570-43CF-ACB8-6178CE997A80}"
EndProject
Project("{2150E333-8FDC-42A3-9474-1A3956D46DE8}") = "Solution Items", "Solution Items", "{B79D99CB-568B-4453-8667-978675531AD1}"
	ProjectSection(SolutionItems) = preProject
		ConnectFour\Program.cs = ConnectFour\Program.cs
	EndProjectSection
EndProject
Global
	GlobalSection(SolutionConfigurationPlatforms) = preSolution
		Debug|Any CPU = Debug|Any CPU
		Release|Any CPU = Release|Any CPU
	EndGlobalSection
	GlobalSection(ProjectConfigurationPlatforms) = postSolution
		{18C119C7-9570-43CF-ACB8-6178CE997A80}.Debug|Any CPU.ActiveCfg = Debug|Any CPU
		{18C119C7-9570-43CF-ACB8-6178CE997A80}.Debug|Any CPU.Build.0 = Debug|Any CPU
		{18C119C7-9570-43CF-ACB8-6178CE997A80}.Release|Any CPU.ActiveCfg = Release|Any CPU
		{18C119C7-9570-43CF-ACB8-6178CE997A80}.Release|Any CPU.Build.0 = Release|Any CPU
	EndGlobalSection
	GlobalSection(SolutionProperties) = preSolution
		HideSolutionNode = FALSE
	EndGlobalSection
	GlobalSection(ExtensibilityGlobals) = postSolution
		SolutionGuid = {90FA2749-B0BB-461F-9775-FF559AC29052}
	EndGlobalSection
EndGlobal
